
Microsoft Visual Studio Solution File, Format Version 12.00
# Visual Studio Version 17
VisualStudioVersion = 17.3.32929.385
MinimumVisualStudioVersion = 10.0.40219.1
Project("{2150E333-8FDC-42A3-9474-1A3956D46DE8}") = "FrontEnd", "FrontEnd", "{4004FC39-645D-4B83-85BF-696F008919C7}"
EndProject
Project("{FAE04EC0-301F-11D3-BF4B-00C04F79EFBC}") = "Mango.Web", "Mango.Web\Mango.Web.csproj", "{160294EA-83C9-4E61-9354-0283DD120BE4}"
EndProject
Project("{2150E333-8FDC-42A3-9474-1A3956D46DE8}") = "Services", "Services", "{953B7FE9-5880-4DA5-9A20-78521EA3FE99}"
EndProject
Project("{FAE04EC0-301F-11D3-BF4B-00C04F79EFBC}") = "Mango.Services.ProductAPI", "Mango.Services.ProductAPI\Mango.Services.ProductAPI.csproj", "{6AAF14F2-7B6C-4340-A7DA-16E76B23234D}"
EndProject
Global
	GlobalSection(SolutionConfigurationPlatforms) = preSolution
		Debug|Any CPU = Debug|Any CPU
		Release|Any CPU = Release|Any CPU
	EndGlobalSection
	GlobalSection(ProjectConfigurationPlatforms) = postSolution
		{160294EA-83C9-4E61-9354-0283DD120BE4}.Debug|Any CPU.ActiveCfg = Debug|Any CPU
		{160294EA-83C9-4E61-9354-0283DD120BE4}.Debug|Any CPU.Build.0 = Debug|Any CPU
		{160294EA-83C9-4E61-9354-0283DD120BE4}.Release|Any CPU.ActiveCfg = Release|Any CPU
		{160294EA-83C9-4E61-9354-0283DD120BE4}.Release|Any CPU.Build.0 = Release|Any CPU
		{6AAF14F2-7B6C-4340-A7DA-16E76B23234D}.Debug|Any CPU.ActiveCfg = Debug|Any CPU
		{6AAF14F2-7B6C-4340-A7DA-16E76B23234D}.Debug|Any CPU.Build.0 = Debug|Any CPU
		{6AAF14F2-7B6C-4340-A7DA-16E76B23234D}.Release|Any CPU.ActiveCfg = Release|Any CPU
		{6AAF14F2-7B6C-4340-A7DA-16E76B23234D}.Release|Any CPU.Build.0 = Release|Any CPU
	EndGlobalSection
	GlobalSection(SolutionProperties) = preSolution
		HideSolutionNode = FALSE
	EndGlobalSection
	GlobalSection(NestedProjects) = preSolution
		{160294EA-83C9-4E61-9354-0283DD120BE4} = {4004FC39-645D-4B83-85BF-696F008919C7}
		{6AAF14F2-7B6C-4340-A7DA-16E76B23234D} = {953B7FE9-5880-4DA5-9A20-78521EA3FE99}
	EndGlobalSection
	GlobalSection(ExtensibilityGlobals) = postSolution
		SolutionGuid = {987087AE-78C9-4E15-8D64-FE2012319E94}
	EndGlobalSection
EndGlobal
